
Microsoft Visual Studio Solution File, Format Version 12.00
# Visual Studio 15
VisualStudioVersion = 15.0.28307.136
MinimumVisualStudioVersion = 10.0.40219.1
Project("{9A19103F-16F7-4668-BE54-9A1E7A4F7556}") = "RunPath.WebApi", "src\RunPath.WebApi\RunPath.WebApi.csproj", "{D309EE4A-2AA6-49BB-A53F-9B7ACAB04A5F}"
EndProject
Project("{9A19103F-16F7-4668-BE54-9A1E7A4F7556}") = "RunPath.Tests.Unit", "test\RunPath.Tests.Unit\RunPath.Tests.Unit.csproj", "{B6983957-A075-47A9-AA98-39B90CC86725}"
EndProject
Project("{9A19103F-16F7-4668-BE54-9A1E7A4F7556}") = "RunPath.Domain", "src\RunPath.Domain\RunPath.Domain.csproj", "{03D3C251-F639-49AA-A164-F37FAFD72B1F}"
EndProject
Project("{2150E333-8FDC-42A3-9474-1A3956D46DE8}") = "src", "src", "{FFACE027-8500-4BBF-B1C8-0660EF8B5BA4}"
EndProject
Project("{2150E333-8FDC-42A3-9474-1A3956D46DE8}") = "test", "test", "{6BC46516-0D1F-4159-8E14-93692564074B}"
EndProject
Project("{9A19103F-16F7-4668-BE54-9A1E7A4F7556}") = "RunPath.Tests.Integration", "test\RunPath.Tests.Integration\RunPath.Tests.Integration.csproj", "{4569B684-A3E1-4E78-A4EE-AB611767BDB4}"
EndProject
Global
	GlobalSection(SolutionConfigurationPlatforms) = preSolution
		Debug|Any CPU = Debug|Any CPU
		Release|Any CPU = Release|Any CPU
	EndGlobalSection
	GlobalSection(ProjectConfigurationPlatforms) = postSolution
		{D309EE4A-2AA6-49BB-A53F-9B7ACAB04A5F}.Debug|Any CPU.ActiveCfg = Debug|Any CPU
		{D309EE4A-2AA6-49BB-A53F-9B7ACAB04A5F}.Debug|Any CPU.Build.0 = Debug|Any CPU
		{D309EE4A-2AA6-49BB-A53F-9B7ACAB04A5F}.Release|Any CPU.ActiveCfg = Release|Any CPU
		{D309EE4A-2AA6-49BB-A53F-9B7ACAB04A5F}.Release|Any CPU.Build.0 = Release|Any CPU
		{B6983957-A075-47A9-AA98-39B90CC86725}.Debug|Any CPU.ActiveCfg = Debug|Any CPU
		{B6983957-A075-47A9-AA98-39B90CC86725}.Debug|Any CPU.Build.0 = Debug|Any CPU
		{B6983957-A075-47A9-AA98-39B90CC86725}.Release|Any CPU.ActiveCfg = Release|Any CPU
		{B6983957-A075-47A9-AA98-39B90CC86725}.Release|Any CPU.Build.0 = Release|Any CPU
		{03D3C251-F639-49AA-A164-F37FAFD72B1F}.Debug|Any CPU.ActiveCfg = Debug|Any CPU
		{03D3C251-F639-49AA-A164-F37FAFD72B1F}.Debug|Any CPU.Build.0 = Debug|Any CPU
		{03D3C251-F639-49AA-A164-F37FAFD72B1F}.Release|Any CPU.ActiveCfg = Release|Any CPU
		{03D3C251-F639-49AA-A164-F37FAFD72B1F}.Release|Any CPU.Build.0 = Release|Any CPU
		{4569B684-A3E1-4E78-A4EE-AB611767BDB4}.Debug|Any CPU.ActiveCfg = Debug|Any CPU
		{4569B684-A3E1-4E78-A4EE-AB611767BDB4}.Debug|Any CPU.Build.0 = Debug|Any CPU
		{4569B684-A3E1-4E78-A4EE-AB611767BDB4}.Release|Any CPU.ActiveCfg = Release|Any CPU
		{4569B684-A3E1-4E78-A4EE-AB611767BDB4}.Release|Any CPU.Build.0 = Release|Any CPU
	EndGlobalSection
	GlobalSection(SolutionProperties) = preSolution
		HideSolutionNode = FALSE
	EndGlobalSection
	GlobalSection(NestedProjects) = preSolution
		{D309EE4A-2AA6-49BB-A53F-9B7ACAB04A5F} = {FFACE027-8500-4BBF-B1C8-0660EF8B5BA4}
		{B6983957-A075-47A9-AA98-39B90CC86725} = {6BC46516-0D1F-4159-8E14-93692564074B}
		{03D3C251-F639-49AA-A164-F37FAFD72B1F} = {FFACE027-8500-4BBF-B1C8-0660EF8B5BA4}
		{4569B684-A3E1-4E78-A4EE-AB611767BDB4} = {6BC46516-0D1F-4159-8E14-93692564074B}
	EndGlobalSection
	GlobalSection(ExtensibilityGlobals) = postSolution
		SolutionGuid = {44514471-A35B-4FB8-A7E3-6D06CCD526C0}
	EndGlobalSection
EndGlobal
